Microsoft Visual Studio Solution File, Format Version 12.00
# Visual Studio Version 17
VisualStudioVersion = 17.5.2.0
MinimumVisualStudioVersion = 10.0.40219.1
Project("{FAE04EC0-301F-11D3-BF4B-00C04F79EFBC}") = "HeaderMapper", "HeaderMapper.csproj", "{CF0C01B3-5837-A8D3-F727-D746B4BE3F36}"
EndProject
Global
	GlobalSection(SolutionConfigurationPlatforms) = preSolution
		Debug|Any CPU = Debug|Any CPU
		Release|Any CPU = Release|Any CPU
	EndGlobalSection
	GlobalSection(ProjectConfigurationPlatforms) = postSolution
		{CF0C01B3-5837-A8D3-F727-D746B4BE3F36}.Debug|Any CPU.ActiveCfg = Debug|Any CPU
		{CF0C01B3-5837-A8D3-F727-D746B4BE3F36}.Debug|Any CPU.Build.0 = Debug|Any CPU
		{CF0C01B3-5837-A8D3-F727-D746B4BE3F36}.Release|Any CPU.ActiveCfg = Release|Any CPU
		{CF0C01B3-5837-A8D3-F727-D746B4BE3F36}.Release|Any CPU.Build.0 = Release|Any CPU
	EndGlobalSection
	GlobalSection(SolutionProperties) = preSolution
		HideSolutionNode = FALSE
	EndGlobalSection
	GlobalSection(ExtensibilityGlobals) = postSolution
		SolutionGuid = {8C0E5639-A4D1-4DD5-AED1-447591E10A43}
	EndGlobalSection
EndGlobal
